
Microsoft Visual Studio Solution File, Format Version 12.00
# Visual Studio Version 17
VisualStudioVersion = 17.1.32421.90
MinimumVisualStudioVersion = 10.0.40219.1
Project("{FAE04EC0-301F-11D3-BF4B-00C04F79EFBC}") = "PrimeFactors", "PrimeFactors.csproj", "{446920A5-6829-4903-BFB6-235E6EC9C872}"
EndProject
Global
	GlobalSection(SolutionConfigurationPlatforms) = preSolution
		Debug|Any CPU = Debug|Any CPU
		Release|Any CPU = Release|Any CPU
	EndGlobalSection
	GlobalSection(ProjectConfigurationPlatforms) = postSolution
		{446920A5-6829-4903-BFB6-235E6EC9C872}.Debug|Any CPU.ActiveCfg = Debug|Any CPU
		{446920A5-6829-4903-BFB6-235E6EC9C872}.Debug|Any CPU.Build.0 = Debug|Any CPU
		{446920A5-6829-4903-BFB6-235E6EC9C872}.Release|Any CPU.ActiveCfg = Release|Any CPU
		{446920A5-6829-4903-BFB6-235E6EC9C872}.Release|Any CPU.Build.0 = Release|Any CPU
	EndGlobalSection
	GlobalSection(SolutionProperties) = preSolution
		HideSolutionNode = FALSE
	EndGlobalSection
	GlobalSection(ExtensibilityGlobals) = postSolution
		SolutionGuid = {3D19ED17-AB2A-414B-A24E-695751484DBE}
	EndGlobalSection
EndGlobal
